
Microsoft Visual Studio Solution File, Format Version 12.00
# Visual Studio 15
VisualStudioVersion = 15.0.27130.2036
MinimumVisualStudioVersion = 10.0.40219.1
Project("{FAE04EC0-301F-11D3-BF4B-00C04F79EFBC}") = "EPAM.Stack", "EPAM.Stack\EPAM.Stack.csproj", "{6872B6BA-2F34-4F20-81A9-00EFD88BD0EE}"
EndProject
Project("{FAE04EC0-301F-11D3-BF4B-00C04F79EFBC}") = "EPAM.UnitTests", "EPAM.UnitTests\EPAM.UnitTests.csproj", "{06F3E3B8-F509-48BF-972A-6C1E962B19E6}"
EndProject
Global
	GlobalSection(SolutionConfigurationPlatforms) = preSolution
		Debug|Any CPU = Debug|Any CPU
		Release|Any CPU = Release|Any CPU
	EndGlobalSection
	GlobalSection(ProjectConfigurationPlatforms) = postSolution
		{6872B6BA-2F34-4F20-81A9-00EFD88BD0EE}.Debug|Any CPU.ActiveCfg = Debug|Any CPU
		{6872B6BA-2F34-4F20-81A9-00EFD88BD0EE}.Debug|Any CPU.Build.0 = Debug|Any CPU
		{6872B6BA-2F34-4F20-81A9-00EFD88BD0EE}.Release|Any CPU.ActiveCfg = Release|Any CPU
		{6872B6BA-2F34-4F20-81A9-00EFD88BD0EE}.Release|Any CPU.Build.0 = Release|Any CPU
		{06F3E3B8-F509-48BF-972A-6C1E962B19E6}.Debug|Any CPU.ActiveCfg = Debug|Any CPU
		{06F3E3B8-F509-48BF-972A-6C1E962B19E6}.Debug|Any CPU.Build.0 = Debug|Any CPU
		{06F3E3B8-F509-48BF-972A-6C1E962B19E6}.Release|Any CPU.ActiveCfg = Release|Any CPU
		{06F3E3B8-F509-48BF-972A-6C1E962B19E6}.Release|Any CPU.Build.0 = Release|Any CPU
	EndGlobalSection
	GlobalSection(SolutionProperties) = preSolution
		HideSolutionNode = FALSE
	EndGlobalSection
	GlobalSection(ExtensibilityGlobals) = postSolution
		SolutionGuid = {B77864D3-A83C-48A3-A470-86066501514D}
	EndGlobalSection
EndGlobal
